
Microsoft Visual Studio Solution File, Format Version 12.00
# Visual Studio Version 17
VisualStudioVersion = 17.4.33213.308
MinimumVisualStudioVersion = 10.0.40219.1
Project("{FAE04EC0-301F-11D3-BF4B-00C04F79EFBC}") = "KCE", "KCE\KCE.csproj", "{DCF834D6-69C2-4AC6-A1E0-BD56C38C8BBC}"
EndProject
Project("{FAE04EC0-301F-11D3-BF4B-00C04F79EFBC}") = "DataObjects", "DataObjects\DataObjects.csproj", "{43BEEA24-B834-472B-A9D3-692CDB3A36AD}"
EndProject
Project("{FAE04EC0-301F-11D3-BF4B-00C04F79EFBC}") = "Core", "Core\Core.csproj", "{AF0434C8-5EE9-451A-8077-0B4164DC9876}"
EndProject
Global
	GlobalSection(SolutionConfigurationPlatforms) = preSolution
		Debug|Any CPU = Debug|Any CPU
		Release|Any CPU = Release|Any CPU
	EndGlobalSection
	GlobalSection(ProjectConfigurationPlatforms) = postSolution
		{DCF834D6-69C2-4AC6-A1E0-BD56C38C8BBC}.Debug|Any CPU.ActiveCfg = Debug|Any CPU
		{DCF834D6-69C2-4AC6-A1E0-BD56C38C8BBC}.Debug|Any CPU.Build.0 = Debug|Any CPU
		{DCF834D6-69C2-4AC6-A1E0-BD56C38C8BBC}.Release|Any CPU.ActiveCfg = Release|Any CPU
		{DCF834D6-69C2-4AC6-A1E0-BD56C38C8BBC}.Release|Any CPU.Build.0 = Release|Any CPU
		{43BEEA24-B834-472B-A9D3-692CDB3A36AD}.Debug|Any CPU.ActiveCfg = Debug|Any CPU
		{43BEEA24-B834-472B-A9D3-692CDB3A36AD}.Debug|Any CPU.Build.0 = Debug|Any CPU
		{43BEEA24-B834-472B-A9D3-692CDB3A36AD}.Release|Any CPU.ActiveCfg = Release|Any CPU
		{43BEEA24-B834-472B-A9D3-692CDB3A36AD}.Release|Any CPU.Build.0 = Release|Any CPU
		{AF0434C8-5EE9-451A-8077-0B4164DC9876}.Debug|Any CPU.ActiveCfg = Debug|Any CPU
		{AF0434C8-5EE9-451A-8077-0B4164DC9876}.Debug|Any CPU.Build.0 = Debug|Any CPU
		{AF0434C8-5EE9-451A-8077-0B4164DC9876}.Release|Any CPU.ActiveCfg = Release|Any CPU
		{AF0434C8-5EE9-451A-8077-0B4164DC9876}.Release|Any CPU.Build.0 = Release|Any CPU
	EndGlobalSection
	GlobalSection(SolutionProperties) = preSolution
		HideSolutionNode = FALSE
	EndGlobalSection
	GlobalSection(ExtensibilityGlobals) = postSolution
		SolutionGuid = {BB9D11FD-EC24-45C7-A471-6D127BA508E4}
	EndGlobalSection
EndGlobal
